PODS:
  - connectivity (0.0.1):
    - Flutter
    - Reachability
  - device_info (0.0.1):
    - Flutter
  - FBSDKCoreKit (9.1.0):
    - FBSDKCoreKit/Basics (= 9.1.0)
    - FBSDKCoreKit/Core (= 9.1.0)
  - FBSDKCoreKit/Basics (9.1.0)
  - FBSDKCoreKit/Core (9.1.0):
    - FBSDKCoreKit/Basics
  - FBSDKShareKit (9.1.0):
    - FBSDKShareKit/Share (= 9.1.0)
  - FBSDKShareKit/Share (9.1.0):
    - FBSDKCoreKit (~> 9.1.0)
  - Firebase/CoreOnly (7.3.0):
    - FirebaseCore (= 7.3.0)
  - Firebase/Messaging (7.3.0):
    - Firebase/CoreOnly
    - FirebaseMessaging (~> 7.3.0)
  - firebase_core (0.7.0):
    - Firebase/CoreOnly (= 7.3.0)
    - Flutter
  - firebase_messaging (8.0.0-dev.15):
    - Firebase/Messaging (= 7.3.0)
    - firebase_core
    - Flutter
  - FirebaseCore (7.3.0):
    - FirebaseCoreDiagnostics (~> 7.0)
    - GoogleUtilities/Environment (~> 7.0)
    - GoogleUtilities/Logger (~> 7.0)
  - FirebaseCoreDiagnostics (7.11.0):
    - GoogleDataTransport (~> 8.4)
    - GoogleUtilities/Environment (~> 7.0)
    - GoogleUtilities/Logger (~> 7.0)
    - nanopb (~> 2.30908.0)
  - FirebaseInstallations (7.11.0):
    - FirebaseCore (~> 7.0)
    - GoogleUtilities/Environment (~> 7.0)
    - GoogleUtilities/UserDefaults (~> 7.0)
    - PromisesObjC (~> 1.2)
  - FirebaseInstanceID (7.11.0):
    - FirebaseCore (~> 7.0)
    - FirebaseInstallations (~> 7.0)
    - GoogleUtilities/Environment (~> 7.0)
    - GoogleUtilities/UserDefaults (~> 7.0)
  - FirebaseMessaging (7.3.0):
    - FirebaseCore (~> 7.0)
    - FirebaseInstanceID (~> 7.0)
    - GoogleUtilities/AppDelegateSwizzler (~> 7.0)
    - GoogleUtilities/Environment (~> 7.0)
    - GoogleUtilities/Reachability (~> 7.0)
    - GoogleUtilities/UserDefaults (~> 7.0)
  - Flutter (1.0.0)
  - flutter_inappwebview (0.0.1):
    - Flutter
  - flutter_local_notifications (0.0.1):
    - Flutter
  - fluttertoast (0.0.2):
    - Flutter
    - Toast
  - GoogleDataTransport (8.4.0):
    - GoogleUtilities/Environment (~> 7.2)
    - nanopb (~> 2.30908.0)
    - PromisesObjC (~> 1.2)
  - GoogleUtilities/AppDelegateSwizzler (7.4.1):
    - GoogleUtilities/Environment
    - GoogleUtilities/Logger
    - GoogleUtilities/Network
  - GoogleUtilities/Environment (7.4.1):
    - PromisesObjC (~> 1.2)
  - GoogleUtilities/Logger (7.4.1):
    - GoogleUtilities/Environment
  - GoogleUtilities/Network (7.4.1):
    - GoogleUtilities/Logger
    - "GoogleUtilities/NSData+zlib"
    - GoogleUtilities/Reachability
  - "GoogleUtilities/NSData+zlib (7.4.1)"
  - GoogleUtilities/Reachability (7.4.1):
    - GoogleUtilities/Logger
  - GoogleUtilities/UserDefaults (7.4.1):
    - GoogleUtilities/Logger
  - nanopb (2.30908.0):
    - nanopb/decode (= 2.30908.0)
    - nanopb/encode (= 2.30908.0)
  - nanopb/decode (2.30908.0)
  - nanopb/encode (2.30908.0)
  - package_info (0.0.1):
    - Flutter
  - path_provider (0.0.1):
    - Flutter
  - pdf_viewer_plugin (0.0.1):
    - Flutter
  - PromisesObjC (1.2.12)
  - Reachability (3.2)
  - shared_preferences (0.0.1):
    - Flutter
  - social_share_plugin (0.3.1):
    - FBSDKCoreKit
    - FBSDKShareKit
    - Flutter
  - Toast (4.0.0)
  - url_launcher (0.0.1):
    - Flutter
  - video_player (0.0.1):
    - Flutter
  - wakelock (0.0.1):
    - Flutter
  - webview_flutter (0.0.1):
    - Flutter

DEPENDENCIES:
  - connectivity (from `.symlinks/plugins/connectivity/ios`)
  - device_info (from `.symlinks/plugins/device_info/ios`)
  - firebase_core (from `.symlinks/plugins/firebase_core/ios`)
  - firebase_messaging (from `.symlinks/plugins/firebase_messaging/ios`)
  - Flutter (from `Flutter`)
  - flutter_inappwebview (from `.symlinks/plugins/flutter_inappwebview/ios`)
  - flutter_local_notifications (from `.symlinks/plugins/flutter_local_notifications/ios`)
  - fluttertoast (from `.symlinks/plugins/fluttertoast/ios`)
  - package_info (from `.symlinks/plugins/package_info/ios`)
  - path_provider (from `.symlinks/plugins/path_provider/ios`)
  - pdf_viewer_plugin (from `.symlinks/plugins/pdf_viewer_plugin/ios`)
  - shared_preferences (from `.symlinks/plugins/shared_preferences/ios`)
  - social_share_plugin (from `.symlinks/plugins/social_share_plugin/ios`)
  - url_launcher (from `.symlinks/plugins/url_launcher/ios`)
  - video_player (from `.symlinks/plugins/video_player/ios`)
  - wakelock (from `.symlinks/plugins/wakelock/ios`)
  - webview_flutter (from `.symlinks/plugins/webview_flutter/ios`)

SPEC REPOS:
  trunk:
    - FBSDKCoreKit
    - FBSDKShareKit
    - Firebase
    - FirebaseCore
    - FirebaseCoreDiagnostics
    - FirebaseInstallations
    - FirebaseInstanceID
    - FirebaseMessaging
    - GoogleDataTransport
    - GoogleUtilities
    - nanopb
    - PromisesObjC
    - Reachability
    - Toast

EXTERNAL SOURCES:
  connectivity:
    :path: ".symlinks/plugins/connectivity/ios"
  device_info:
    :path: ".symlinks/plugins/device_info/ios"
  firebase_core:
    :path: ".symlinks/plugins/firebase_core/ios"
  firebase_messaging:
    :path: ".symlinks/plugins/firebase_messaging/ios"
  Flutter:
    :path: Flutter
  flutter_inappwebview:
    :path: ".symlinks/plugins/flutter_inappwebview/ios"
  flutter_local_notifications:
    :path: ".symlinks/plugins/flutter_local_notifications/ios"
  fluttertoast:
    :path: ".symlinks/plugins/fluttertoast/ios"
  package_info:
    :path: ".symlinks/plugins/package_info/ios"
  path_provider:
    :path: ".symlinks/plugins/path_provider/ios"
  pdf_viewer_plugin:
    :path: ".symlinks/plugins/pdf_viewer_plugin/ios"
  shared_preferences:
    :path: ".symlinks/plugins/shared_preferences/ios"
  social_share_plugin:
    :path: ".symlinks/plugins/social_share_plugin/ios"
  url_launcher:
    :path: ".symlinks/plugins/url_launcher/ios"
  video_player:
    :path: ".symlinks/plugins/video_player/ios"
  wakelock:
    :path: ".symlinks/plugins/wakelock/ios"
  webview_flutter:
    :path: ".symlinks/plugins/webview_flutter/ios"

SPEC CHECKSUMS:
  connectivity: c4130b2985d4ef6fd26f9702e886bd5260681467
  device_info: d7d233b645a32c40dfdc212de5cf646ca482f175
  FBSDKCoreKit: a00fe2efd780c195a5e09201bf51c56106245b40
  FBSDKShareKit: d5aafc35870083f53c15ec0eb9eda4dfe8037d11
  Firebase: 26223c695fe322633274198cb19dca8cb7e54416
  firebase_core: 91b27774a52f41f8b58484a75edf71197ac01c59
  firebase_messaging: caf0273c76e54f0a10dfe5048ac47b89e75bb78a
  FirebaseCore: 4d3c72622ce0e2106aaa07bb4b2935ba2c370972
  FirebaseCoreDiagnostics: 68ad972f99206cef818230f3f3179d52ccfb7f8c
  FirebaseInstallations: a58d4f72ec5861840b84df489f2668d970df558a
  FirebaseInstanceID: ad5135045a498d7775903efd39762d2cdfa1be27
  FirebaseMessaging: 68d1bcb14880189558a8ae57167abe0b7e417232
  Flutter: 434fef37c0980e73bb6479ef766c45957d4b510c
  flutter_inappwebview: 69dfbac46157b336ffbec19ca6dfd4638c7bf189
  flutter_local_notifications: 0c0b1ae97e741e1521e4c1629a459d04b9aec743
  fluttertoast: 6122fa75143e992b1d3470f61000f591a798cc58
  GoogleDataTransport: cd9db2180fcecd8da1b561aea31e3e56cf834aa7
  GoogleUtilities: f8a43108b38a68eebe8b3540e1f4f2d28843ce20
  nanopb: a0ba3315591a9ae0a16a309ee504766e90db0c96
  package_info: 873975fc26034f0b863a300ad47e7f1ac6c7ec62
  path_provider: abfe2b5c733d04e238b0d8691db0cfd63a27a93c
  pdf_viewer_plugin: 96ce5d974dd18dd3a5f17a3f50641d178e355434
  PromisesObjC: 3113f7f76903778cf4a0586bd1ab89329a0b7b97
  Reachability: 33e18b67625424e47b6cde6d202dce689ad7af96
  shared_preferences: af6bfa751691cdc24be3045c43ec037377ada40d
  social_share_plugin: f9dc03c1137b137e6efb1f3608f449c4cb153a7a
  Toast: 91b396c56ee72a5790816f40d3a94dd357abc196
  url_launcher: 6fef411d543ceb26efce54b05a0a40bfd74cbbef
  video_player: 9cc823b1d9da7e8427ee591e8438bfbcde500e6e
  wakelock: bfc7955c418d0db797614075aabbc58a39ab5107
  webview_flutter: d2b4d6c66968ad042ad94cbb791f5b72b4678a96

PODFILE CHECKSUM: 80a5bea9f6900750909f6d3fad1d3a0f1e560f5a

COCOAPODS: 1.10.1
